{
  "name": "codekit-project",
  "version": "1.0.0",
  "lockfileVersion": 1,
  "requires": true,
  "dependencies": {
    "gsap": {
      "version": "file:gsap-bonus.tgz",
      "integrity": "sha512-2bqxN/XwXeCN2ZmV1JSGxxqDc0TEDQnNrVz2kQTxdpDQ/v1TiBo4hZZ8coHEjcNIfZGx9/FU/7wMh91MqX4hVw=="
    }
  }
}
